
Microsoft Visual Studio Solution File, Format Version 12.00
# Visual Studio Version 17
VisualStudioVersion = 17.4.33213.308
MinimumVisualStudioVersion = 10.0.40219.1
Project("{8BC9CEB8-8B4A-11D0-8D11-00A0C91BC942}") = "01_intro", "01_intro\01_intro.vcxproj", "{A00DA284-8A96-4D1F-A618-E0142FECFFEB}"
EndProject
Project("{8BC9CEB8-8B4A-11D0-8D11-00A0C91BC942}") = "02_operators_if_switch", "02_operators_if_switch\02_operators_if_switch.vcxproj", "{B2EAE99D-FAF5-4C1C-BFAB-A992D8F40297}"
EndProject
Project("{8BC9CEB8-8B4A-11D0-8D11-00A0C91BC942}") = "02_operators_helper_home", "02_operators_helper_home\02_operators_helper_home.vcxproj", "{00E37BEE-0BB9-4EEF-B185-EA584006C789}"
EndProject
Project("{8BC9CEB8-8B4A-11D0-8D11-00A0C91BC942}") = "03_cycles", "03_cycles\03_cycles.vcxproj", "{334E13CE-28FA-49D7-B319-385043341E52}"
EndProject
Project("{8BC9CEB8-8B4A-11D0-8D11-00A0C91BC942}") = "03_cycles_helper_home", "03_cycles_helper_home\03_cycles_helper_home.vcxproj", "{24F20492-6B3D-45E7-A631-93E43B2B8964}"
EndProject
Project("{8BC9CEB8-8B4A-11D0-8D11-00A0C91BC942}") = "04_arrays", "04_arrays\04_arrays.vcxproj", "{B17BAB66-106A-4DC7-A594-9F5F19095A79}"
EndProject
Project("{8BC9CEB8-8B4A-11D0-8D11-00A0C91BC942}") = "05_sorted_array", "05_sorted_array\05_sorted_array.vcxproj", "{045DBF62-E1B4-4A89-9AF3-30B1D57CE2A5}"
EndProject
Project("{8BC9CEB8-8B4A-11D0-8D11-00A0C91BC942}") = "06_Multi array", "06_Multi array\06_Multi array.vcxproj", "{6F701A3B-4471-4D9E-AE58-31150BC52DEF}"
EndProject
Project("{8BC9CEB8-8B4A-11D0-8D11-00A0C91BC942}") = "06_helperHome", "06_helperHome\06_helperHome.vcxproj", "{189A58A6-1710-412B-B8BF-ECDBA1A89D1F}"
EndProject
Project("{8BC9CEB8-8B4A-11D0-8D11-00A0C91BC942}") = "07_function", "07_function\07_function.vcxproj", "{537EA229-F04E-43A0-8E22-7FE0448FB713}"
EndProject
Project("{8BC9CEB8-8B4A-11D0-8D11-00A0C91BC942}") = "08_override&template function", "08_override&template function\08_override&template function.vcxproj", "{F89E9FA1-CA85-4F7E-8B40-5437547E0A7D}"
EndProject
Project("{8BC9CEB8-8B4A-11D0-8D11-00A0C91BC942}") = "09_function and multi Array", "09_function and multi Array\09_function and multi Array.vcxproj", "{94DEDA65-1CE3-4B08-8B5C-B483EEAB48DE}"
EndProject
Project("{8BC9CEB8-8B4A-11D0-8D11-00A0C91BC942}") = "10_Recursive", "10_Recursive\10_Recursive.vcxproj", "{E3A416F0-6635-4C98-B6CA-EE861424A057}"
EndProject
Project("{8BC9CEB8-8B4A-11D0-8D11-00A0C91BC942}") = "11_Quick_sorted_and_binary_search", "11_Quick_sorted_and_binary_search\11_Quick_sorted_and_binary_search.vcxproj", "{112DE7CC-DED6-4476-96EB-BDBE4341C5BB}"
EndProject
Global
	GlobalSection(SolutionConfigurationPlatforms) = preSolution
		Debug|x64 = Debug|x64
		Debug|x86 = Debug|x86
		Release|x64 = Release|x64
		Release|x86 = Release|x86
	EndGlobalSection
	GlobalSection(ProjectConfigurationPlatforms) = postSolution
		{A00DA284-8A96-4D1F-A618-E0142FECFFEB}.Debug|x64.ActiveCfg = Debug|x64
		{A00DA284-8A96-4D1F-A618-E0142FECFFEB}.Debug|x64.Build.0 = Debug|x64
		{A00DA284-8A96-4D1F-A618-E0142FECFFEB}.Debug|x86.ActiveCfg = Debug|Win32
		{A00DA284-8A96-4D1F-A618-E0142FECFFEB}.Debug|x86.Build.0 = Debug|Win32
		{A00DA284-8A96-4D1F-A618-E0142FECFFEB}.Release|x64.ActiveCfg = Release|x64
		{A00DA284-8A96-4D1F-A618-E0142FECFFEB}.Release|x64.Build.0 = Release|x64
		{A00DA284-8A96-4D1F-A618-E0142FECFFEB}.Release|x86.ActiveCfg = Release|Win32
		{A00DA284-8A96-4D1F-A618-E0142FECFFEB}.Release|x86.Build.0 = Release|Win32
		{B2EAE99D-FAF5-4C1C-BFAB-A992D8F40297}.Debug|x64.ActiveCfg = Debug|x64
		{B2EAE99D-FAF5-4C1C-BFAB-A992D8F40297}.Debug|x64.Build.0 = Debug|x64
		{B2EAE99D-FAF5-4C1C-BFAB-A992D8F40297}.Debug|x86.ActiveCfg = Debug|Win32
		{B2EAE99D-FAF5-4C1C-BFAB-A992D8F40297}.Debug|x86.Build.0 = Debug|Win32
		{B2EAE99D-FAF5-4C1C-BFAB-A992D8F40297}.Release|x64.ActiveCfg = Release|x64
		{B2EAE99D-FAF5-4C1C-BFAB-A992D8F40297}.Release|x64.Build.0 = Release|x64
		{B2EAE99D-FAF5-4C1C-BFAB-A992D8F40297}.Release|x86.ActiveCfg = Release|Win32
		{B2EAE99D-FAF5-4C1C-BFAB-A992D8F40297}.Release|x86.Build.0 = Release|Win32
		{00E37BEE-0BB9-4EEF-B185-EA584006C789}.Debug|x64.ActiveCfg = Debug|x64
		{00E37BEE-0BB9-4EEF-B185-EA584006C789}.Debug|x64.Build.0 = Debug|x64
		{00E37BEE-0BB9-4EEF-B185-EA584006C789}.Debug|x86.ActiveCfg = Debug|Win32
		{00E37BEE-0BB9-4EEF-B185-EA584006C789}.Debug|x86.Build.0 = Debug|Win32
		{00E37BEE-0BB9-4EEF-B185-EA584006C789}.Release|x64.ActiveCfg = Release|x64
		{00E37BEE-0BB9-4EEF-B185-EA584006C789}.Release|x64.Build.0 = Release|x64
		{00E37BEE-0BB9-4EEF-B185-EA584006C789}.Release|x86.ActiveCfg = Release|Win32
		{00E37BEE-0BB9-4EEF-B185-EA584006C789}.Release|x86.Build.0 = Release|Win32
		{334E13CE-28FA-49D7-B319-385043341E52}.Debug|x64.ActiveCfg = Debug|x64
		{334E13CE-28FA-49D7-B319-385043341E52}.Debug|x64.Build.0 = Debug|x64
		{334E13CE-28FA-49D7-B319-385043341E52}.Debug|x86.ActiveCfg = Debug|Win32
		{334E13CE-28FA-49D7-B319-385043341E52}.Debug|x86.Build.0 = Debug|Win32
		{334E13CE-28FA-49D7-B319-385043341E52}.Release|x64.ActiveCfg = Release|x64
		{334E13CE-28FA-49D7-B319-385043341E52}.Release|x64.Build.0 = Release|x64
		{334E13CE-28FA-49D7-B319-385043341E52}.Release|x86.ActiveCfg = Release|Win32
		{334E13CE-28FA-49D7-B319-385043341E52}.Release|x86.Build.0 = Release|Win32
		{24F20492-6B3D-45E7-A631-93E43B2B8964}.Debug|x64.ActiveCfg = Debug|x64
		{24F20492-6B3D-45E7-A631-93E43B2B8964}.Debug|x64.Build.0 = Debug|x64
		{24F20492-6B3D-45E7-A631-93E43B2B8964}.Debug|x86.ActiveCfg = Debug|Win32
		{24F20492-6B3D-45E7-A631-93E43B2B8964}.Debug|x86.Build.0 = Debug|Win32
		{24F20492-6B3D-45E7-A631-93E43B2B8964}.Release|x64.ActiveCfg = Release|x64
		{24F20492-6B3D-45E7-A631-93E43B2B8964}.Release|x64.Build.0 = Release|x64
		{24F20492-6B3D-45E7-A631-93E43B2B8964}.Release|x86.ActiveCfg = Release|Win32
		{24F20492-6B3D-45E7-A631-93E43B2B8964}.Release|x86.Build.0 = Release|Win32
		{B17BAB66-106A-4DC7-A594-9F5F19095A79}.Debug|x64.ActiveCfg = Debug|x64
		{B17BAB66-106A-4DC7-A594-9F5F19095A79}.Debug|x64.Build.0 = Debug|x64
		{B17BAB66-106A-4DC7-A594-9F5F19095A79}.Debug|x86.ActiveCfg = Debug|Win32
		{B17BAB66-106A-4DC7-A594-9F5F19095A79}.Debug|x86.Build.0 = Debug|Win32
		{B17BAB66-106A-4DC7-A594-9F5F19095A79}.Release|x64.ActiveCfg = Release|x64
		{B17BAB66-106A-4DC7-A594-9F5F19095A79}.Release|x64.Build.0 = Release|x64
		{B17BAB66-106A-4DC7-A594-9F5F19095A79}.Release|x86.ActiveCfg = Release|Win32
		{B17BAB66-106A-4DC7-A594-9F5F19095A79}.Release|x86.Build.0 = Release|Win32
		{045DBF62-E1B4-4A89-9AF3-30B1D57CE2A5}.Debug|x64.ActiveCfg = Debug|x64
		{045DBF62-E1B4-4A89-9AF3-30B1D57CE2A5}.Debug|x64.Build.0 = Debug|x64
		{045DBF62-E1B4-4A89-9AF3-30B1D57CE2A5}.Debug|x86.ActiveCfg = Debug|Win32
		{045DBF62-E1B4-4A89-9AF3-30B1D57CE2A5}.Debug|x86.Build.0 = Debug|Win32
		{045DBF62-E1B4-4A89-9AF3-30B1D57CE2A5}.Release|x64.ActiveCfg = Release|x64
		{045DBF62-E1B4-4A89-9AF3-30B1D57CE2A5}.Release|x64.Build.0 = Release|x64
		{045DBF62-E1B4-4A89-9AF3-30B1D57CE2A5}.Release|x86.ActiveCfg = Release|Win32
		{045DBF62-E1B4-4A89-9AF3-30B1D57CE2A5}.Release|x86.Build.0 = Release|Win32
		{6F701A3B-4471-4D9E-AE58-31150BC52DEF}.Debug|x64.ActiveCfg = Debug|x64
		{6F701A3B-4471-4D9E-AE58-31150BC52DEF}.Debug|x64.Build.0 = Debug|x64
		{6F701A3B-4471-4D9E-AE58-31150BC52DEF}.Debug|x86.ActiveCfg = Debug|Win32
		{6F701A3B-4471-4D9E-AE58-31150BC52DEF}.Debug|x86.Build.0 = Debug|Win32
		{6F701A3B-4471-4D9E-AE58-31150BC52DEF}.Release|x64.ActiveCfg = Release|x64
		{6F701A3B-4471-4D9E-AE58-31150BC52DEF}.Release|x64.Build.0 = Release|x64
		{6F701A3B-4471-4D9E-AE58-31150BC52DEF}.Release|x86.ActiveCfg = Release|Win32
		{6F701A3B-4471-4D9E-AE58-31150BC52DEF}.Release|x86.Build.0 = Release|Win32
		{189A58A6-1710-412B-B8BF-ECDBA1A89D1F}.Debug|x64.ActiveCfg = Debug|x64
		{189A58A6-1710-412B-B8BF-ECDBA1A89D1F}.Debug|x64.Build.0 = Debug|x64
		{189A58A6-1710-412B-B8BF-ECDBA1A89D1F}.Debug|x86.ActiveCfg = Debug|Win32
		{189A58A6-1710-412B-B8BF-ECDBA1A89D1F}.Debug|x86.Build.0 = Debug|Win32
		{189A58A6-1710-412B-B8BF-ECDBA1A89D1F}.Release|x64.ActiveCfg = Release|x64
		{189A58A6-1710-412B-B8BF-ECDBA1A89D1F}.Release|x64.Build.0 = Release|x64
		{189A58A6-1710-412B-B8BF-ECDBA1A89D1F}.Release|x86.ActiveCfg = Release|Win32
		{189A58A6-1710-412B-B8BF-ECDBA1A89D1F}.Release|x86.Build.0 = Release|Win32
		{537EA229-F04E-43A0-8E22-7FE0448FB713}.Debug|x64.ActiveCfg = Debug|x64
		{537EA229-F04E-43A0-8E22-7FE0448FB713}.Debug|x64.Build.0 = Debug|x64
		{537EA229-F04E-43A0-8E22-7FE0448FB713}.Debug|x86.ActiveCfg = Debug|Win32
		{537EA229-F04E-43A0-8E22-7FE0448FB713}.Debug|x86.Build.0 = Debug|Win32
		{537EA229-F04E-43A0-8E22-7FE0448FB713}.Release|x64.ActiveCfg = Release|x64
		{537EA229-F04E-43A0-8E22-7FE0448FB713}.Release|x64.Build.0 = Release|x64
		{537EA229-F04E-43A0-8E22-7FE0448FB713}.Release|x86.ActiveCfg = Release|Win32
		{537EA229-F04E-43A0-8E22-7FE0448FB713}.Release|x86.Build.0 = Release|Win32
		{F89E9FA1-CA85-4F7E-8B40-5437547E0A7D}.Debug|x64.ActiveCfg = Debug|x64
		{F89E9FA1-CA85-4F7E-8B40-5437547E0A7D}.Debug|x64.Build.0 = Debug|x64
		{F89E9FA1-CA85-4F7E-8B40-5437547E0A7D}.Debug|x86.ActiveCfg = Debug|Win32
		{F89E9FA1-CA85-4F7E-8B40-5437547E0A7D}.Debug|x86.Build.0 = Debug|Win32
		{F89E9FA1-CA85-4F7E-8B40-5437547E0A7D}.Release|x64.ActiveCfg = Release|x64
		{F89E9FA1-CA85-4F7E-8B40-5437547E0A7D}.Release|x64.Build.0 = Release|x64
		{F89E9FA1-CA85-4F7E-8B40-5437547E0A7D}.Release|x86.ActiveCfg = Release|Win32
		{F89E9FA1-CA85-4F7E-8B40-5437547E0A7D}.Release|x86.Build.0 = Release|Win32
		{94DEDA65-1CE3-4B08-8B5C-B483EEAB48DE}.Debug|x64.ActiveCfg = Debug|x64
		{94DEDA65-1CE3-4B08-8B5C-B483EEAB48DE}.Debug|x64.Build.0 = Debug|x64
		{94DEDA65-1CE3-4B08-8B5C-B483EEAB48DE}.Debug|x86.ActiveCfg = Debug|Win32
		{94DEDA65-1CE3-4B08-8B5C-B483EEAB48DE}.Debug|x86.Build.0 = Debug|Win32
		{94DEDA65-1CE3-4B08-8B5C-B483EEAB48DE}.Release|x64.ActiveCfg = Release|x64
		{94DEDA65-1CE3-4B08-8B5C-B483EEAB48DE}.Release|x64.Build.0 = Release|x64
		{94DEDA65-1CE3-4B08-8B5C-B483EEAB48DE}.Release|x86.ActiveCfg = Release|Win32
		{94DEDA65-1CE3-4B08-8B5C-B483EEAB48DE}.Release|x86.Build.0 = Release|Win32
		{E3A416F0-6635-4C98-B6CA-EE861424A057}.Debug|x64.ActiveCfg = Debug|x64
		{E3A416F0-6635-4C98-B6CA-EE861424A057}.Debug|x64.Build.0 = Debug|x64
		{E3A416F0-6635-4C98-B6CA-EE861424A057}.Debug|x86.ActiveCfg = Debug|Win32
		{E3A416F0-6635-4C98-B6CA-EE861424A057}.Debug|x86.Build.0 = Debug|Win32
		{E3A416F0-6635-4C98-B6CA-EE861424A057}.Release|x64.ActiveCfg = Release|x64
		{E3A416F0-6635-4C98-B6CA-EE861424A057}.Release|x64.Build.0 = Release|x64
		{E3A416F0-6635-4C98-B6CA-EE861424A057}.Release|x86.ActiveCfg = Release|Win32
		{E3A416F0-6635-4C98-B6CA-EE861424A057}.Release|x86.Build.0 = Release|Win32
		{112DE7CC-DED6-4476-96EB-BDBE4341C5BB}.Debug|x64.ActiveCfg = Debug|x64
		{112DE7CC-DED6-4476-96EB-BDBE4341C5BB}.Debug|x64.Build.0 = Debug|x64
		{112DE7CC-DED6-4476-96EB-BDBE4341C5BB}.Debug|x86.ActiveCfg = Debug|Win32
		{112DE7CC-DED6-4476-96EB-BDBE4341C5BB}.Debug|x86.Build.0 = Debug|Win32
		{112DE7CC-DED6-4476-96EB-BDBE4341C5BB}.Release|x64.ActiveCfg = Release|x64
		{112DE7CC-DED6-4476-96EB-BDBE4341C5BB}.Release|x64.Build.0 = Release|x64
		{112DE7CC-DED6-4476-96EB-BDBE4341C5BB}.Release|x86.ActiveCfg = Release|Win32
		{112DE7CC-DED6-4476-96EB-BDBE4341C5BB}.Release|x86.Build.0 = Release|Win32
	EndGlobalSection
	GlobalSection(SolutionProperties) = preSolution
		HideSolutionNode = FALSE
	EndGlobalSection
	GlobalSection(ExtensibilityGlobals) = postSolution
		SolutionGuid = {23B9C8E9-A090-4CC0-9C5F-31FD83EDA43B}
	EndGlobalSection
EndGlobal
