
Microsoft Visual Studio Solution File, Format Version 12.00
# Visual Studio Version 17
VisualStudioVersion = 17.4.33213.308
MinimumVisualStudioVersion = 10.0.40219.1
Project("{8BC9CEB8-8B4A-11D0-8D11-00A0C91BC942}") = "01_intro", "01_intro\01_intro.vcxproj", "{A00DA284-8A96-4D1F-A618-E0142FECFFEB}"
EndProject
Project("{8BC9CEB8-8B4A-11D0-8D11-00A0C91BC942}") = "02_operators_if_switch", "02_operators_if_switch\02_operators_if_switch.vcxproj", "{B2EAE99D-FAF5-4C1C-BFAB-A992D8F40297}"
EndProject
Project("{8BC9CEB8-8B4A-11D0-8D11-00A0C91BC942}") = "02_operators_helper_home", "02_operators_helper_home\02_operators_helper_home.vcxproj", "{00E37BEE-0BB9-4EEF-B185-EA584006C789}"
EndProject
Project("{8BC9CEB8-8B4A-11D0-8D11-00A0C91BC942}") = "03_cycles", "03_cycles\03_cycles.vcxproj", "{334E13CE-28FA-49D7-B319-385043341E52}"
EndProject
Project("{8BC9CEB8-8B4A-11D0-8D11-00A0C91BC942}") = "03_cycles_helper_home", "03_cycles_helper_home\03_cycles_helper_home.vcxproj", "{24F20492-6B3D-45E7-A631-93E43B2B8964}"
EndProject
Project("{8BC9CEB8-8B4A-11D0-8D11-00A0C91BC942}") = "04_arrays", "04_arrays\04_arrays.vcxproj", "{B17BAB66-106A-4DC7-A594-9F5F19095A79}"
EndProject
Global
	GlobalSection(SolutionConfigurationPlatforms) = preSolution
		Debug|x64 = Debug|x64
		Debug|x86 = Debug|x86
		Release|x64 = Release|x64
		Release|x86 = Release|x86
	EndGlobalSection
	GlobalSection(ProjectConfigurationPlatforms) = postSolution
		{A00DA284-8A96-4D1F-A618-E0142FECFFEB}.Debug|x64.ActiveCfg = Debug|x64
		{A00DA284-8A96-4D1F-A618-E0142FECFFEB}.Debug|x64.Build.0 = Debug|x64
		{A00DA284-8A96-4D1F-A618-E0142FECFFEB}.Debug|x86.ActiveCfg = Debug|Win32
		{A00DA284-8A96-4D1F-A618-E0142FECFFEB}.Debug|x86.Build.0 = Debug|Win32
		{A00DA284-8A96-4D1F-A618-E0142FECFFEB}.Release|x64.ActiveCfg = Release|x64
		{A00DA284-8A96-4D1F-A618-E0142FECFFEB}.Release|x64.Build.0 = Release|x64
		{A00DA284-8A96-4D1F-A618-E0142FECFFEB}.Release|x86.ActiveCfg = Release|Win32
		{A00DA284-8A96-4D1F-A618-E0142FECFFEB}.Release|x86.Build.0 = Release|Win32
		{B2EAE99D-FAF5-4C1C-BFAB-A992D8F40297}.Debug|x64.ActiveCfg = Debug|x64
		{B2EAE99D-FAF5-4C1C-BFAB-A992D8F40297}.Debug|x64.Build.0 = Debug|x64
		{B2EAE99D-FAF5-4C1C-BFAB-A992D8F40297}.Debug|x86.ActiveCfg = Debug|Win32
		{B2EAE99D-FAF5-4C1C-BFAB-A992D8F40297}.Debug|x86.Build.0 = Debug|Win32
		{B2EAE99D-FAF5-4C1C-BFAB-A992D8F40297}.Release|x64.ActiveCfg = Release|x64
		{B2EAE99D-FAF5-4C1C-BFAB-A992D8F40297}.Release|x64.Build.0 = Release|x64
		{B2EAE99D-FAF5-4C1C-BFAB-A992D8F40297}.Release|x86.ActiveCfg = Release|Win32
		{B2EAE99D-FAF5-4C1C-BFAB-A992D8F40297}.Release|x86.Build.0 = Release|Win32
		{00E37BEE-0BB9-4EEF-B185-EA584006C789}.Debug|x64.ActiveCfg = Debug|x64
		{00E37BEE-0BB9-4EEF-B185-EA584006C789}.Debug|x64.Build.0 = Debug|x64
		{00E37BEE-0BB9-4EEF-B185-EA584006C789}.Debug|x86.ActiveCfg = Debug|Win32
		{00E37BEE-0BB9-4EEF-B185-EA584006C789}.Debug|x86.Build.0 = Debug|Win32
		{00E37BEE-0BB9-4EEF-B185-EA584006C789}.Release|x64.ActiveCfg = Release|x64
		{00E37BEE-0BB9-4EEF-B185-EA584006C789}.Release|x64.Build.0 = Release|x64
		{00E37BEE-0BB9-4EEF-B185-EA584006C789}.Release|x86.ActiveCfg = Release|Win32
		{00E37BEE-0BB9-4EEF-B185-EA584006C789}.Release|x86.Build.0 = Release|Win32
		{334E13CE-28FA-49D7-B319-385043341E52}.Debug|x64.ActiveCfg = Debug|x64
		{334E13CE-28FA-49D7-B319-385043341E52}.Debug|x64.Build.0 = Debug|x64
		{334E13CE-28FA-49D7-B319-385043341E52}.Debug|x86.ActiveCfg = Debug|Win32
		{334E13CE-28FA-49D7-B319-385043341E52}.Debug|x86.Build.0 = Debug|Win32
		{334E13CE-28FA-49D7-B319-385043341E52}.Release|x64.ActiveCfg = Release|x64
		{334E13CE-28FA-49D7-B319-385043341E52}.Release|x64.Build.0 = Release|x64
		{334E13CE-28FA-49D7-B319-385043341E52}.Release|x86.ActiveCfg = Release|Win32
		{334E13CE-28FA-49D7-B319-385043341E52}.Release|x86.Build.0 = Release|Win32
		{24F20492-6B3D-45E7-A631-93E43B2B8964}.Debug|x64.ActiveCfg = Debug|x64
		{24F20492-6B3D-45E7-A631-93E43B2B8964}.Debug|x64.Build.0 = Debug|x64
		{24F20492-6B3D-45E7-A631-93E43B2B8964}.Debug|x86.ActiveCfg = Debug|Win32
		{24F20492-6B3D-45E7-A631-93E43B2B8964}.Debug|x86.Build.0 = Debug|Win32
		{24F20492-6B3D-45E7-A631-93E43B2B8964}.Release|x64.ActiveCfg = Release|x64
		{24F20492-6B3D-45E7-A631-93E43B2B8964}.Release|x64.Build.0 = Release|x64
		{24F20492-6B3D-45E7-A631-93E43B2B8964}.Release|x86.ActiveCfg = Release|Win32
		{24F20492-6B3D-45E7-A631-93E43B2B8964}.Release|x86.Build.0 = Release|Win32
		{B17BAB66-106A-4DC7-A594-9F5F19095A79}.Debug|x64.ActiveCfg = Debug|x64
		{B17BAB66-106A-4DC7-A594-9F5F19095A79}.Debug|x64.Build.0 = Debug|x64
		{B17BAB66-106A-4DC7-A594-9F5F19095A79}.Debug|x86.ActiveCfg = Debug|Win32
		{B17BAB66-106A-4DC7-A594-9F5F19095A79}.Debug|x86.Build.0 = Debug|Win32
		{B17BAB66-106A-4DC7-A594-9F5F19095A79}.Release|x64.ActiveCfg = Release|x64
		{B17BAB66-106A-4DC7-A594-9F5F19095A79}.Release|x64.Build.0 = Release|x64
		{B17BAB66-106A-4DC7-A594-9F5F19095A79}.Release|x86.ActiveCfg = Release|Win32
		{B17BAB66-106A-4DC7-A594-9F5F19095A79}.Release|x86.Build.0 = Release|Win32
	EndGlobalSection
	GlobalSection(SolutionProperties) = preSolution
		HideSolutionNode = FALSE
	EndGlobalSection
	GlobalSection(ExtensibilityGlobals) = postSolution
		SolutionGuid = {23B9C8E9-A090-4CC0-9C5F-31FD83EDA43B}
	EndGlobalSection
EndGlobal
